# This file was autogenerated by Stack.
# You should not edit this file by hand.
# For more information, please see the documentation at:
#   https://docs.haskellstack.org/en/stable/lock_files

packages:
- completed:
    hackage: distributed-process-0.7.4@sha256:9e43cb9a27e976e3e4c054e783bdfbd6140760e70997448da66993f4674a6409,7577
    pantry-tree:
      size: 3102
      sha256: a558e988e6deba25d0667d8f6fd2705c0f7f36292b1afaa5442bd34a9cdf817c
  original:
    hackage: distributed-process-0.7.4@sha256:9e43cb9a27e976e3e4c054e783bdfbd6140760e70997448da66993f4674a6409,7577
- completed:
    hackage: network-transport-tcp-0.6.0@sha256:077b733c97db7949d18d09877e847fae117cc6e4e5c35941442f52debbd32452,3298
    pantry-tree:
      size: 651
      sha256: 25102c14bedca96694a2d410783fdde107e9059452e07b882b67ac309b313bc0
  original:
    hackage: network-transport-tcp-0.6.0@sha256:077b733c97db7949d18d09877e847fae117cc6e4e5c35941442f52debbd32452,3298
snapshots:
- completed:
    size: 509471
    url: https://raw.githubusercontent.com/commercialhaskell/stackage-snapshots/master/lts/12/26.yaml
    sha256: 95f014df58d0679b1c4a2b7bf2b652b61da8d30de5f571abb0d59015ef678646
  original: lts-12.26
